
Microsoft Visual Studio Solution File, Format Version 12.00
# Visual Studio Version 17
VisualStudioVersion = 17.0.31903.59
MinimumVisualStudioVersion = 10.0.40219.1
Project("{FAE04EC0-301F-11D3-BF4B-00C04F79EFBC}") = "WeatherApp.WinForms", "WeatherApp.WinForms\WeatherApp.WinForms.csproj", "{4ED64BC4-05D0-4E13-8F61-2AA7C88F5584}"
EndProject
Project("{FAE04EC0-301F-11D3-BF4B-00C04F79EFBC}") = "WeatherApp.Core", "WeatherApp.Core\WeatherApp.Core.csproj", "{C38D41E7-29CF-4E4B-B016-E4D95C2A05A7}"
EndProject
Global
	GlobalSection(SolutionConfigurationPlatforms) = preSolution
		Debug|Any CPU = Debug|Any CPU
		Release|Any CPU = Release|Any CPU
	EndGlobalSection
	GlobalSection(SolutionProperties) = preSolution
		HideSolutionNode = FALSE
	EndGlobalSection
	GlobalSection(ProjectConfigurationPlatforms) = postSolution
		{4ED64BC4-05D0-4E13-8F61-2AA7C88F5584}.Debug|Any CPU.ActiveCfg = Debug|Any CPU
		{4ED64BC4-05D0-4E13-8F61-2AA7C88F5584}.Debug|Any CPU.Build.0 = Debug|Any CPU
		{4ED64BC4-05D0-4E13-8F61-2AA7C88F5584}.Release|Any CPU.ActiveCfg = Release|Any CPU
		{4ED64BC4-05D0-4E13-8F61-2AA7C88F5584}.Release|Any CPU.Build.0 = Release|Any CPU
		{C38D41E7-29CF-4E4B-B016-E4D95C2A05A7}.Debug|Any CPU.ActiveCfg = Debug|Any CPU
		{C38D41E7-29CF-4E4B-B016-E4D95C2A05A7}.Debug|Any CPU.Build.0 = Debug|Any CPU
		{C38D41E7-29CF-4E4B-B016-E4D95C2A05A7}.Release|Any CPU.ActiveCfg = Release|Any CPU
		{C38D41E7-29CF-4E4B-B016-E4D95C2A05A7}.Release|Any CPU.Build.0 = Release|Any CPU
	EndGlobalSection
EndGlobal
